
Microsoft Visual Studio Solution File, Format Version 12.00
# Visual Studio 14
VisualStudioVersion = 14.0.25420.1
MinimumVisualStudioVersion = 10.0.40219.1
Project("{FAE04EC0-301F-11D3-BF4B-00C04F79EFBC}") = "Match Full Name", "Match Full Name\Match Full Name.csproj", "{CB3C8654-C626-4624-AF74-C01DDED1174A}"
EndProject
Project("{FAE04EC0-301F-11D3-BF4B-00C04F79EFBC}") = "Match Phone Number", "Match Phone Number\Match Phone Number.csproj", "{9187B1E0-642C-4C3A-AC57-8B1B74608F3E}"
EndProject
Project("{FAE04EC0-301F-11D3-BF4B-00C04F79EFBC}") = "Match Hexadecimal Numbers", "Match Hexadecimal Numbers\Match Hexadecimal Numbers.csproj", "{9B9D4FD5-3563-48C7-AB4D-40C6F158E25C}"
EndProject
Project("{FAE04EC0-301F-11D3-BF4B-00C04F79EFBC}") = "Match Dates", "Match Dates\Match Dates.csproj", "{F8EE664D-1566-4862-A0FF-A5FE5208923F}"
EndProject
Project("{FAE04EC0-301F-11D3-BF4B-00C04F79EFBC}") = "Match Numbers", "Match Numbers\Match Numbers.csproj", "{81CAF2B8-79F6-4A33-B29A-3A8250E7D4C5}"
EndProject
Project("{FAE04EC0-301F-11D3-BF4B-00C04F79EFBC}") = "Replace Tag", "Replace Tag\Replace Tag.csproj", "{29B3D20F-23EE-4E54-9370-4C8CC837DEE2}"
EndProject
Global
	GlobalSection(SolutionConfigurationPlatforms) = preSolution
		Debug|Any CPU = Debug|Any CPU
		Release|Any CPU = Release|Any CPU
	EndGlobalSection
	GlobalSection(ProjectConfigurationPlatforms) = postSolution
		{CB3C8654-C626-4624-AF74-C01DDED1174A}.Debug|Any CPU.ActiveCfg = Debug|Any CPU
		{CB3C8654-C626-4624-AF74-C01DDED1174A}.Debug|Any CPU.Build.0 = Debug|Any CPU
		{CB3C8654-C626-4624-AF74-C01DDED1174A}.Release|Any CPU.ActiveCfg = Release|Any CPU
		{CB3C8654-C626-4624-AF74-C01DDED1174A}.Release|Any CPU.Build.0 = Release|Any CPU
		{9187B1E0-642C-4C3A-AC57-8B1B74608F3E}.Debug|Any CPU.ActiveCfg = Debug|Any CPU
		{9187B1E0-642C-4C3A-AC57-8B1B74608F3E}.Debug|Any CPU.Build.0 = Debug|Any CPU
		{9187B1E0-642C-4C3A-AC57-8B1B74608F3E}.Release|Any CPU.ActiveCfg = Release|Any CPU
		{9187B1E0-642C-4C3A-AC57-8B1B74608F3E}.Release|Any CPU.Build.0 = Release|Any CPU
		{9B9D4FD5-3563-48C7-AB4D-40C6F158E25C}.Debug|Any CPU.ActiveCfg = Debug|Any CPU
		{9B9D4FD5-3563-48C7-AB4D-40C6F158E25C}.Debug|Any CPU.Build.0 = Debug|Any CPU
		{9B9D4FD5-3563-48C7-AB4D-40C6F158E25C}.Release|Any CPU.ActiveCfg = Release|Any CPU
		{9B9D4FD5-3563-48C7-AB4D-40C6F158E25C}.Release|Any CPU.Build.0 = Release|Any CPU
		{F8EE664D-1566-4862-A0FF-A5FE5208923F}.Debug|Any CPU.ActiveCfg = Debug|Any CPU
		{F8EE664D-1566-4862-A0FF-A5FE5208923F}.Debug|Any CPU.Build.0 = Debug|Any CPU
		{F8EE664D-1566-4862-A0FF-A5FE5208923F}.Release|Any CPU.ActiveCfg = Release|Any CPU
		{F8EE664D-1566-4862-A0FF-A5FE5208923F}.Release|Any CPU.Build.0 = Release|Any CPU
		{81CAF2B8-79F6-4A33-B29A-3A8250E7D4C5}.Debug|Any CPU.ActiveCfg = Debug|Any CPU
		{81CAF2B8-79F6-4A33-B29A-3A8250E7D4C5}.Debug|Any CPU.Build.0 = Debug|Any CPU
		{81CAF2B8-79F6-4A33-B29A-3A8250E7D4C5}.Release|Any CPU.ActiveCfg = Release|Any CPU
		{81CAF2B8-79F6-4A33-B29A-3A8250E7D4C5}.Release|Any CPU.Build.0 = Release|Any CPU
		{29B3D20F-23EE-4E54-9370-4C8CC837DEE2}.Debug|Any CPU.ActiveCfg = Debug|Any CPU
		{29B3D20F-23EE-4E54-9370-4C8CC837DEE2}.Debug|Any CPU.Build.0 = Debug|Any CPU
		{29B3D20F-23EE-4E54-9370-4C8CC837DEE2}.Release|Any CPU.ActiveCfg = Release|Any CPU
		{29B3D20F-23EE-4E54-9370-4C8CC837DEE2}.Release|Any CPU.Build.0 = Release|Any CPU
	EndGlobalSection
	GlobalSection(SolutionProperties) = preSolution
		HideSolutionNode = FALSE
	EndGlobalSection
EndGlobal
