
Microsoft Visual Studio Solution File, Format Version 12.00
# Visual Studio 14
VisualStudioVersion = 14.0.25420.1
MinimumVisualStudioVersion = 10.0.40219.1
Project("{FAE04EC0-301F-11D3-BF4B-00C04F79EFBC}") = "Odd Lines", "Odd Lines\Odd Lines.csproj", "{5DC1B1D5-B52E-4970-9C31-3A44E62F72D9}"
EndProject
Project("{FAE04EC0-301F-11D3-BF4B-00C04F79EFBC}") = "Line Numbers", "Line Numbers\Line Numbers.csproj", "{E70AC442-F1EE-45FB-904E-365E00D5EEFF}"
EndProject
Project("{FAE04EC0-301F-11D3-BF4B-00C04F79EFBC}") = "Word Count", "Word Count\Word Count.csproj", "{CD3CE16F-D25E-4ED4-92F1-82EF8A406775}"
EndProject
Project("{FAE04EC0-301F-11D3-BF4B-00C04F79EFBC}") = "Merge Files", "Merge Files\Merge Files.csproj", "{E9DE29D0-764E-4008-BDE9-BFB7953B7305}"
EndProject
Project("{FAE04EC0-301F-11D3-BF4B-00C04F79EFBC}") = "Folder Size", "Folder Size\Folder Size.csproj", "{B80E659E-A6C5-4E77-88B7-CD89A67C705E}"
EndProject
Global
	GlobalSection(SolutionConfigurationPlatforms) = preSolution
		Debug|Any CPU = Debug|Any CPU
		Release|Any CPU = Release|Any CPU
	EndGlobalSection
	GlobalSection(ProjectConfigurationPlatforms) = postSolution
		{5DC1B1D5-B52E-4970-9C31-3A44E62F72D9}.Debug|Any CPU.ActiveCfg = Debug|Any CPU
		{5DC1B1D5-B52E-4970-9C31-3A44E62F72D9}.Debug|Any CPU.Build.0 = Debug|Any CPU
		{5DC1B1D5-B52E-4970-9C31-3A44E62F72D9}.Release|Any CPU.ActiveCfg = Release|Any CPU
		{5DC1B1D5-B52E-4970-9C31-3A44E62F72D9}.Release|Any CPU.Build.0 = Release|Any CPU
		{E70AC442-F1EE-45FB-904E-365E00D5EEFF}.Debug|Any CPU.ActiveCfg = Debug|Any CPU
		{E70AC442-F1EE-45FB-904E-365E00D5EEFF}.Debug|Any CPU.Build.0 = Debug|Any CPU
		{E70AC442-F1EE-45FB-904E-365E00D5EEFF}.Release|Any CPU.ActiveCfg = Release|Any CPU
		{E70AC442-F1EE-45FB-904E-365E00D5EEFF}.Release|Any CPU.Build.0 = Release|Any CPU
		{CD3CE16F-D25E-4ED4-92F1-82EF8A406775}.Debug|Any CPU.ActiveCfg = Debug|Any CPU
		{CD3CE16F-D25E-4ED4-92F1-82EF8A406775}.Debug|Any CPU.Build.0 = Debug|Any CPU
		{CD3CE16F-D25E-4ED4-92F1-82EF8A406775}.Release|Any CPU.ActiveCfg = Release|Any CPU
		{CD3CE16F-D25E-4ED4-92F1-82EF8A406775}.Release|Any CPU.Build.0 = Release|Any CPU
		{E9DE29D0-764E-4008-BDE9-BFB7953B7305}.Debug|Any CPU.ActiveCfg = Debug|Any CPU
		{E9DE29D0-764E-4008-BDE9-BFB7953B7305}.Debug|Any CPU.Build.0 = Debug|Any CPU
		{E9DE29D0-764E-4008-BDE9-BFB7953B7305}.Release|Any CPU.ActiveCfg = Release|Any CPU
		{E9DE29D0-764E-4008-BDE9-BFB7953B7305}.Release|Any CPU.Build.0 = Release|Any CPU
		{B80E659E-A6C5-4E77-88B7-CD89A67C705E}.Debug|Any CPU.ActiveCfg = Debug|Any CPU
		{B80E659E-A6C5-4E77-88B7-CD89A67C705E}.Debug|Any CPU.Build.0 = Debug|Any CPU
		{B80E659E-A6C5-4E77-88B7-CD89A67C705E}.Release|Any CPU.ActiveCfg = Release|Any CPU
		{B80E659E-A6C5-4E77-88B7-CD89A67C705E}.Release|Any CPU.Build.0 = Release|Any CPU
	EndGlobalSection
	GlobalSection(SolutionProperties) = preSolution
		HideSolutionNode = FALSE
	EndGlobalSection
EndGlobal
