
Microsoft Visual Studio Solution File, Format Version 12.00
# Visual Studio 14
VisualStudioVersion = 14.0.25420.1
MinimumVisualStudioVersion = 10.0.40219.1
Project("{FAE04EC0-301F-11D3-BF4B-00C04F79EFBC}") = "Count Real Numbers", "Count Real Numbers\Count Real Numbers.csproj", "{79C00732-2DD7-4F13-BE95-D5DA05BBA6FB}"
EndProject
Project("{FAE04EC0-301F-11D3-BF4B-00C04F79EFBC}") = "Odd Occurrences", "Odd Occurrences\Odd Occurrences.csproj", "{18A7A1A7-9D89-4608-9793-EAE7E1B4B77E}"
EndProject
Project("{FAE04EC0-301F-11D3-BF4B-00C04F79EFBC}") = "Sum, Min, Max, Average", "Sum, Min, Max, Average\Sum, Min, Max, Average.csproj", "{A97779AD-3996-49D9-97C1-4CB58C7D93D1}"
EndProject
Project("{FAE04EC0-301F-11D3-BF4B-00C04F79EFBC}") = "Largest 3 Numbers", "Largest 3 Numbers\Largest 3 Numbers.csproj", "{5443F586-87D4-4A45-B8DA-7C9AC4A4CF45}"
EndProject
Project("{FAE04EC0-301F-11D3-BF4B-00C04F79EFBC}") = "Short Words Sorted", "Short Words Sorted\Short Words Sorted.csproj", "{AF0B100F-C0F3-45ED-8FC2-A7138700DA89}"
EndProject
Project("{FAE04EC0-301F-11D3-BF4B-00C04F79EFBC}") = "Fold and Sum", "Fold and Sum\Fold and Sum.csproj", "{FA00EDFA-3FBB-4ED6-9CAC-DF3A88625689}"
EndProject
Global
	GlobalSection(SolutionConfigurationPlatforms) = preSolution
		Debug|Any CPU = Debug|Any CPU
		Release|Any CPU = Release|Any CPU
	EndGlobalSection
	GlobalSection(ProjectConfigurationPlatforms) = postSolution
		{79C00732-2DD7-4F13-BE95-D5DA05BBA6FB}.Debug|Any CPU.ActiveCfg = Debug|Any CPU
		{79C00732-2DD7-4F13-BE95-D5DA05BBA6FB}.Debug|Any CPU.Build.0 = Debug|Any CPU
		{79C00732-2DD7-4F13-BE95-D5DA05BBA6FB}.Release|Any CPU.ActiveCfg = Release|Any CPU
		{79C00732-2DD7-4F13-BE95-D5DA05BBA6FB}.Release|Any CPU.Build.0 = Release|Any CPU
		{18A7A1A7-9D89-4608-9793-EAE7E1B4B77E}.Debug|Any CPU.ActiveCfg = Debug|Any CPU
		{18A7A1A7-9D89-4608-9793-EAE7E1B4B77E}.Debug|Any CPU.Build.0 = Debug|Any CPU
		{18A7A1A7-9D89-4608-9793-EAE7E1B4B77E}.Release|Any CPU.ActiveCfg = Release|Any CPU
		{18A7A1A7-9D89-4608-9793-EAE7E1B4B77E}.Release|Any CPU.Build.0 = Release|Any CPU
		{A97779AD-3996-49D9-97C1-4CB58C7D93D1}.Debug|Any CPU.ActiveCfg = Debug|Any CPU
		{A97779AD-3996-49D9-97C1-4CB58C7D93D1}.Debug|Any CPU.Build.0 = Debug|Any CPU
		{A97779AD-3996-49D9-97C1-4CB58C7D93D1}.Release|Any CPU.ActiveCfg = Release|Any CPU
		{A97779AD-3996-49D9-97C1-4CB58C7D93D1}.Release|Any CPU.Build.0 = Release|Any CPU
		{5443F586-87D4-4A45-B8DA-7C9AC4A4CF45}.Debug|Any CPU.ActiveCfg = Debug|Any CPU
		{5443F586-87D4-4A45-B8DA-7C9AC4A4CF45}.Debug|Any CPU.Build.0 = Debug|Any CPU
		{5443F586-87D4-4A45-B8DA-7C9AC4A4CF45}.Release|Any CPU.ActiveCfg = Release|Any CPU
		{5443F586-87D4-4A45-B8DA-7C9AC4A4CF45}.Release|Any CPU.Build.0 = Release|Any CPU
		{AF0B100F-C0F3-45ED-8FC2-A7138700DA89}.Debug|Any CPU.ActiveCfg = Debug|Any CPU
		{AF0B100F-C0F3-45ED-8FC2-A7138700DA89}.Debug|Any CPU.Build.0 = Debug|Any CPU
		{AF0B100F-C0F3-45ED-8FC2-A7138700DA89}.Release|Any CPU.ActiveCfg = Release|Any CPU
		{AF0B100F-C0F3-45ED-8FC2-A7138700DA89}.Release|Any CPU.Build.0 = Release|Any CPU
		{FA00EDFA-3FBB-4ED6-9CAC-DF3A88625689}.Debug|Any CPU.ActiveCfg = Debug|Any CPU
		{FA00EDFA-3FBB-4ED6-9CAC-DF3A88625689}.Debug|Any CPU.Build.0 = Debug|Any CPU
		{FA00EDFA-3FBB-4ED6-9CAC-DF3A88625689}.Release|Any CPU.ActiveCfg = Release|Any CPU
		{FA00EDFA-3FBB-4ED6-9CAC-DF3A88625689}.Release|Any CPU.Build.0 = Release|Any CPU
	EndGlobalSection
	GlobalSection(SolutionProperties) = preSolution
		HideSolutionNode = FALSE
	EndGlobalSection
EndGlobal
