
Microsoft Visual Studio Solution File, Format Version 12.00
# Visual Studio 14
VisualStudioVersion = 14.0.25420.1
MinimumVisualStudioVersion = 10.0.40219.1
Project("{FAE04EC0-301F-11D3-BF4B-00C04F79EFBC}") = "Reverse String", "Reverse String\Reverse String.csproj", "{6A78DA94-A0CB-452C-96C9-9EDAEB93AD7A}"
EndProject
Project("{FAE04EC0-301F-11D3-BF4B-00C04F79EFBC}") = "Count Substring Occurrences", "Count Substring Occurrences\Count Substring Occurrences.csproj", "{24D2806E-5CFD-47F4-B8EC-8C00971AA280}"
EndProject
Project("{FAE04EC0-301F-11D3-BF4B-00C04F79EFBC}") = "Palindromes", "Palindromes\Palindromes.csproj", "{70ADC8A5-1EC3-4041-9846-5ED2C4F245B7}"
EndProject
Project("{FAE04EC0-301F-11D3-BF4B-00C04F79EFBC}") = "Text filter", "Text filter\Text filter.csproj", "{D4F1EF08-8807-4F5C-95B8-8A644DF03096}"
EndProject
Global
	GlobalSection(SolutionConfigurationPlatforms) = preSolution
		Debug|Any CPU = Debug|Any CPU
		Release|Any CPU = Release|Any CPU
	EndGlobalSection
	GlobalSection(ProjectConfigurationPlatforms) = postSolution
		{6A78DA94-A0CB-452C-96C9-9EDAEB93AD7A}.Debug|Any CPU.ActiveCfg = Debug|Any CPU
		{6A78DA94-A0CB-452C-96C9-9EDAEB93AD7A}.Debug|Any CPU.Build.0 = Debug|Any CPU
		{6A78DA94-A0CB-452C-96C9-9EDAEB93AD7A}.Release|Any CPU.ActiveCfg = Release|Any CPU
		{6A78DA94-A0CB-452C-96C9-9EDAEB93AD7A}.Release|Any CPU.Build.0 = Release|Any CPU
		{24D2806E-5CFD-47F4-B8EC-8C00971AA280}.Debug|Any CPU.ActiveCfg = Debug|Any CPU
		{24D2806E-5CFD-47F4-B8EC-8C00971AA280}.Debug|Any CPU.Build.0 = Debug|Any CPU
		{24D2806E-5CFD-47F4-B8EC-8C00971AA280}.Release|Any CPU.ActiveCfg = Release|Any CPU
		{24D2806E-5CFD-47F4-B8EC-8C00971AA280}.Release|Any CPU.Build.0 = Release|Any CPU
		{70ADC8A5-1EC3-4041-9846-5ED2C4F245B7}.Debug|Any CPU.ActiveCfg = Debug|Any CPU
		{70ADC8A5-1EC3-4041-9846-5ED2C4F245B7}.Debug|Any CPU.Build.0 = Debug|Any CPU
		{70ADC8A5-1EC3-4041-9846-5ED2C4F245B7}.Release|Any CPU.ActiveCfg = Release|Any CPU
		{70ADC8A5-1EC3-4041-9846-5ED2C4F245B7}.Release|Any CPU.Build.0 = Release|Any CPU
		{D4F1EF08-8807-4F5C-95B8-8A644DF03096}.Debug|Any CPU.ActiveCfg = Debug|Any CPU
		{D4F1EF08-8807-4F5C-95B8-8A644DF03096}.Debug|Any CPU.Build.0 = Debug|Any CPU
		{D4F1EF08-8807-4F5C-95B8-8A644DF03096}.Release|Any CPU.ActiveCfg = Release|Any CPU
		{D4F1EF08-8807-4F5C-95B8-8A644DF03096}.Release|Any CPU.Build.0 = Release|Any CPU
	EndGlobalSection
	GlobalSection(SolutionProperties) = preSolution
		HideSolutionNode = FALSE
	EndGlobalSection
EndGlobal
