
Microsoft Visual Studio Solution File, Format Version 12.00
# Visual Studio 14
VisualStudioVersion = 14.0.25420.1
MinimumVisualStudioVersion = 10.0.40219.1
Project("{FAE04EC0-301F-11D3-BF4B-00C04F79EFBC}") = "Charity Marathon", "Charity Marathon\Charity Marathon.csproj", "{B5862581-C9BE-414A-916F-78B8632B2B8F}"
EndProject
Project("{FAE04EC0-301F-11D3-BF4B-00C04F79EFBC}") = "Ladybugs", "Ladybugs\Ladybugs.csproj", "{C9C9CD5E-31BA-4689-8A0A-63BC7814D1FA}"
EndProject
Project("{FAE04EC0-301F-11D3-BF4B-00C04F79EFBC}") = "Nether Realms", "Nether Realms\Nether Realms.csproj", "{0815CF05-87EA-4367-B535-7B2F6439C13C}"
EndProject
Project("{FAE04EC0-301F-11D3-BF4B-00C04F79EFBC}") = "Roli the Coder", "Roli the Coder\Roli the Coder.csproj", "{EDD0206E-0258-4BDD-8DAA-5F6FE7E63026}"
EndProject
Project("{FAE04EC0-301F-11D3-BF4B-00C04F79EFBC}") = "Cubic Massages", "Cubic Massages\Cubic Massages.csproj", "{04E1C79A-44EA-4EF6-9270-E312586E82DA}"
EndProject
Project("{FAE04EC0-301F-11D3-BF4B-00C04F79EFBC}") = "Array Manipulator", "Array Manipulator\Array Manipulator.csproj", "{78550443-546B-45FA-B80A-A27C2C79414D}"
EndProject
Project("{FAE04EC0-301F-11D3-BF4B-00C04F79EFBC}") = "Roli the Coder second try", "Roli the Coder second try\Roli the Coder second try.csproj", "{79244C3F-4513-4CD4-9A8A-232B1F3AD632}"
EndProject
Global
	GlobalSection(SolutionConfigurationPlatforms) = preSolution
		Debug|Any CPU = Debug|Any CPU
		Release|Any CPU = Release|Any CPU
	EndGlobalSection
	GlobalSection(ProjectConfigurationPlatforms) = postSolution
		{B5862581-C9BE-414A-916F-78B8632B2B8F}.Debug|Any CPU.ActiveCfg = Debug|Any CPU
		{B5862581-C9BE-414A-916F-78B8632B2B8F}.Debug|Any CPU.Build.0 = Debug|Any CPU
		{B5862581-C9BE-414A-916F-78B8632B2B8F}.Release|Any CPU.ActiveCfg = Release|Any CPU
		{B5862581-C9BE-414A-916F-78B8632B2B8F}.Release|Any CPU.Build.0 = Release|Any CPU
		{C9C9CD5E-31BA-4689-8A0A-63BC7814D1FA}.Debug|Any CPU.ActiveCfg = Debug|Any CPU
		{C9C9CD5E-31BA-4689-8A0A-63BC7814D1FA}.Debug|Any CPU.Build.0 = Debug|Any CPU
		{C9C9CD5E-31BA-4689-8A0A-63BC7814D1FA}.Release|Any CPU.ActiveCfg = Release|Any CPU
		{C9C9CD5E-31BA-4689-8A0A-63BC7814D1FA}.Release|Any CPU.Build.0 = Release|Any CPU
		{0815CF05-87EA-4367-B535-7B2F6439C13C}.Debug|Any CPU.ActiveCfg = Debug|Any CPU
		{0815CF05-87EA-4367-B535-7B2F6439C13C}.Debug|Any CPU.Build.0 = Debug|Any CPU
		{0815CF05-87EA-4367-B535-7B2F6439C13C}.Release|Any CPU.ActiveCfg = Release|Any CPU
		{0815CF05-87EA-4367-B535-7B2F6439C13C}.Release|Any CPU.Build.0 = Release|Any CPU
		{EDD0206E-0258-4BDD-8DAA-5F6FE7E63026}.Debug|Any CPU.ActiveCfg = Debug|Any CPU
		{EDD0206E-0258-4BDD-8DAA-5F6FE7E63026}.Debug|Any CPU.Build.0 = Debug|Any CPU
		{EDD0206E-0258-4BDD-8DAA-5F6FE7E63026}.Release|Any CPU.ActiveCfg = Release|Any CPU
		{EDD0206E-0258-4BDD-8DAA-5F6FE7E63026}.Release|Any CPU.Build.0 = Release|Any CPU
		{04E1C79A-44EA-4EF6-9270-E312586E82DA}.Debug|Any CPU.ActiveCfg = Debug|Any CPU
		{04E1C79A-44EA-4EF6-9270-E312586E82DA}.Debug|Any CPU.Build.0 = Debug|Any CPU
		{04E1C79A-44EA-4EF6-9270-E312586E82DA}.Release|Any CPU.ActiveCfg = Release|Any CPU
		{04E1C79A-44EA-4EF6-9270-E312586E82DA}.Release|Any CPU.Build.0 = Release|Any CPU
		{78550443-546B-45FA-B80A-A27C2C79414D}.Debug|Any CPU.ActiveCfg = Debug|Any CPU
		{78550443-546B-45FA-B80A-A27C2C79414D}.Debug|Any CPU.Build.0 = Debug|Any CPU
		{78550443-546B-45FA-B80A-A27C2C79414D}.Release|Any CPU.ActiveCfg = Release|Any CPU
		{78550443-546B-45FA-B80A-A27C2C79414D}.Release|Any CPU.Build.0 = Release|Any CPU
		{79244C3F-4513-4CD4-9A8A-232B1F3AD632}.Debug|Any CPU.ActiveCfg = Debug|Any CPU
		{79244C3F-4513-4CD4-9A8A-232B1F3AD632}.Debug|Any CPU.Build.0 = Debug|Any CPU
		{79244C3F-4513-4CD4-9A8A-232B1F3AD632}.Release|Any CPU.ActiveCfg = Release|Any CPU
		{79244C3F-4513-4CD4-9A8A-232B1F3AD632}.Release|Any CPU.Build.0 = Release|Any CPU
	EndGlobalSection
	GlobalSection(SolutionProperties) = preSolution
		HideSolutionNode = FALSE
	EndGlobalSection
EndGlobal
